
Microsoft Visual Studio Solution File, Format Version 12.00
# Visual Studio 14
VisualStudioVersion = 14.0.25123.0
MinimumVisualStudioVersion = 10.0.40219.1
Project("{2150E333-8FDC-42A3-9474-1A3956D46DE8}") = "Gate", "Gate", "{B5E41FB6-870F-41D5-BDCE-9B5DD48E782F}"
EndProject
Project("{FAE04EC0-301F-11D3-BF4B-00C04F79EFBC}") = "Gate", "Gate\Gate\Gate.csproj", "{0442EDD1-227B-46E5-9CDB-BB000DC45EC9}"
EndProject
Project("{2150E333-8FDC-42A3-9474-1A3956D46DE8}") = "Master", "Master", "{E79E7911-A8B5-4114-B3F2-524D1F831CC3}"
EndProject
Project("{FAE04EC0-301F-11D3-BF4B-00C04F79EFBC}") = "MasterServer", "MasterServer\MasterServer.csproj", "{DCC32007-AF0A-4655-87F5-2A741ED727D6}"
EndProject
Project("{2150E333-8FDC-42A3-9474-1A3956D46DE8}") = "Comm", "Comm", "{625C56A0-71C2-44F3-9ECE-1CD355CB2823}"
EndProject
Project("{FAE04EC0-301F-11D3-BF4B-00C04F79EFBC}") = "Comm", "Comm\Comm.csproj", "{78601002-0A66-4526-8D21-C9E8BC780EDE}"
EndProject
Global
	GlobalSection(SolutionConfigurationPlatforms) = preSolution
		Debug|Any CPU = Debug|Any CPU
		Release|Any CPU = Release|Any CPU
	EndGlobalSection
	GlobalSection(ProjectConfigurationPlatforms) = postSolution
		{0442EDD1-227B-46E5-9CDB-BB000DC45EC9}.Debug|Any CPU.ActiveCfg = Debug|Any CPU
		{0442EDD1-227B-46E5-9CDB-BB000DC45EC9}.Debug|Any CPU.Build.0 = Debug|Any CPU
		{0442EDD1-227B-46E5-9CDB-BB000DC45EC9}.Release|Any CPU.ActiveCfg = Release|Any CPU
		{0442EDD1-227B-46E5-9CDB-BB000DC45EC9}.Release|Any CPU.Build.0 = Release|Any CPU
		{DCC32007-AF0A-4655-87F5-2A741ED727D6}.Debug|Any CPU.ActiveCfg = Debug|Any CPU
		{DCC32007-AF0A-4655-87F5-2A741ED727D6}.Debug|Any CPU.Build.0 = Debug|Any CPU
		{DCC32007-AF0A-4655-87F5-2A741ED727D6}.Release|Any CPU.ActiveCfg = Release|Any CPU
		{DCC32007-AF0A-4655-87F5-2A741ED727D6}.Release|Any CPU.Build.0 = Release|Any CPU
		{78601002-0A66-4526-8D21-C9E8BC780EDE}.Debug|Any CPU.ActiveCfg = Debug|Any CPU
		{78601002-0A66-4526-8D21-C9E8BC780EDE}.Debug|Any CPU.Build.0 = Debug|Any CPU
		{78601002-0A66-4526-8D21-C9E8BC780EDE}.Release|Any CPU.ActiveCfg = Release|Any CPU
		{78601002-0A66-4526-8D21-C9E8BC780EDE}.Release|Any CPU.Build.0 = Release|Any CPU
	EndGlobalSection
	GlobalSection(SolutionProperties) = preSolution
		HideSolutionNode = FALSE
	EndGlobalSection
	GlobalSection(NestedProjects) = preSolution
		{0442EDD1-227B-46E5-9CDB-BB000DC45EC9} = {B5E41FB6-870F-41D5-BDCE-9B5DD48E782F}
		{DCC32007-AF0A-4655-87F5-2A741ED727D6} = {E79E7911-A8B5-4114-B3F2-524D1F831CC3}
		{78601002-0A66-4526-8D21-C9E8BC780EDE} = {625C56A0-71C2-44F3-9ECE-1CD355CB2823}
	EndGlobalSection
EndGlobal
