
Microsoft Visual Studio Solution File, Format Version 12.00
# Visual Studio 14
VisualStudioVersion = 14.0.25123.0
MinimumVisualStudioVersion = 10.0.40219.1
Project("{FAE04EC0-301F-11D3-BF4B-00C04F79EFBC}") = "MasterServer", "MasterServer\MasterServer.csproj", "{DCC32007-AF0A-4655-87F5-2A741ED727D6}"
EndProject
Project("{FAE04EC0-301F-11D3-BF4B-00C04F79EFBC}") = "Comm", "Comm\Comm.csproj", "{78601002-0A66-4526-8D21-C9E8BC780EDE}"
EndProject
Project("{2150E333-8FDC-42A3-9474-1A3956D46DE8}") = "Server", "Server", "{5150A7F8-1422-4627-A1A1-5AF712BB694D}"
EndProject
Project("{FAE04EC0-301F-11D3-BF4B-00C04F79EFBC}") = "Login", "Login\Login.csproj", "{1C42FB45-7EC0-4D94-8772-7E2DF36FFCC3}"
EndProject
Project("{FAE04EC0-301F-11D3-BF4B-00C04F79EFBC}") = "Client", "Client\Client.csproj", "{7C77CE22-CC75-4AA0-94E5-E76411E001B9}"
EndProject
Project("{FAE04EC0-301F-11D3-BF4B-00C04F79EFBC}") = "WorldServer", "WorldServer\WorldServer.csproj", "{BC518FBD-320E-4EB4-A583-DBF86AC9BC4E}"
EndProject
Project("{FAE04EC0-301F-11D3-BF4B-00C04F79EFBC}") = "GameServer", "GameServer\GameServer.csproj", "{518E9FBB-8DE5-4507-BB20-5D5E8C9F81FA}"
EndProject
Project("{FAE04EC0-301F-11D3-BF4B-00C04F79EFBC}") = "Gate", "Gate\Gate.csproj", "{0442EDD1-227B-46E5-9CDB-BB000DC45EC9}"
EndProject
Global
	GlobalSection(SolutionConfigurationPlatforms) = preSolution
		Debug|Any CPU = Debug|Any CPU
		Release|Any CPU = Release|Any CPU
	EndGlobalSection
	GlobalSection(ProjectConfigurationPlatforms) = postSolution
		{DCC32007-AF0A-4655-87F5-2A741ED727D6}.Debug|Any CPU.ActiveCfg = Debug|Any CPU
		{DCC32007-AF0A-4655-87F5-2A741ED727D6}.Debug|Any CPU.Build.0 = Debug|Any CPU
		{DCC32007-AF0A-4655-87F5-2A741ED727D6}.Release|Any CPU.ActiveCfg = Release|Any CPU
		{DCC32007-AF0A-4655-87F5-2A741ED727D6}.Release|Any CPU.Build.0 = Release|Any CPU
		{78601002-0A66-4526-8D21-C9E8BC780EDE}.Debug|Any CPU.ActiveCfg = Debug|Any CPU
		{78601002-0A66-4526-8D21-C9E8BC780EDE}.Debug|Any CPU.Build.0 = Debug|Any CPU
		{78601002-0A66-4526-8D21-C9E8BC780EDE}.Release|Any CPU.ActiveCfg = Release|Any CPU
		{78601002-0A66-4526-8D21-C9E8BC780EDE}.Release|Any CPU.Build.0 = Release|Any CPU
		{1C42FB45-7EC0-4D94-8772-7E2DF36FFCC3}.Debug|Any CPU.ActiveCfg = Debug|Any CPU
		{1C42FB45-7EC0-4D94-8772-7E2DF36FFCC3}.Debug|Any CPU.Build.0 = Debug|Any CPU
		{1C42FB45-7EC0-4D94-8772-7E2DF36FFCC3}.Release|Any CPU.ActiveCfg = Release|Any CPU
		{1C42FB45-7EC0-4D94-8772-7E2DF36FFCC3}.Release|Any CPU.Build.0 = Release|Any CPU
		{7C77CE22-CC75-4AA0-94E5-E76411E001B9}.Debug|Any CPU.ActiveCfg = Debug|Any CPU
		{7C77CE22-CC75-4AA0-94E5-E76411E001B9}.Debug|Any CPU.Build.0 = Debug|Any CPU
		{7C77CE22-CC75-4AA0-94E5-E76411E001B9}.Release|Any CPU.ActiveCfg = Release|Any CPU
		{7C77CE22-CC75-4AA0-94E5-E76411E001B9}.Release|Any CPU.Build.0 = Release|Any CPU
		{BC518FBD-320E-4EB4-A583-DBF86AC9BC4E}.Debug|Any CPU.ActiveCfg = Debug|Any CPU
		{BC518FBD-320E-4EB4-A583-DBF86AC9BC4E}.Debug|Any CPU.Build.0 = Debug|Any CPU
		{BC518FBD-320E-4EB4-A583-DBF86AC9BC4E}.Release|Any CPU.ActiveCfg = Release|Any CPU
		{BC518FBD-320E-4EB4-A583-DBF86AC9BC4E}.Release|Any CPU.Build.0 = Release|Any CPU
		{518E9FBB-8DE5-4507-BB20-5D5E8C9F81FA}.Debug|Any CPU.ActiveCfg = Debug|Any CPU
		{518E9FBB-8DE5-4507-BB20-5D5E8C9F81FA}.Debug|Any CPU.Build.0 = Debug|Any CPU
		{518E9FBB-8DE5-4507-BB20-5D5E8C9F81FA}.Release|Any CPU.ActiveCfg = Release|Any CPU
		{518E9FBB-8DE5-4507-BB20-5D5E8C9F81FA}.Release|Any CPU.Build.0 = Release|Any CPU
		{0442EDD1-227B-46E5-9CDB-BB000DC45EC9}.Debug|Any CPU.ActiveCfg = Debug|Any CPU
		{0442EDD1-227B-46E5-9CDB-BB000DC45EC9}.Debug|Any CPU.Build.0 = Debug|Any CPU
		{0442EDD1-227B-46E5-9CDB-BB000DC45EC9}.Release|Any CPU.ActiveCfg = Release|Any CPU
		{0442EDD1-227B-46E5-9CDB-BB000DC45EC9}.Release|Any CPU.Build.0 = Release|Any CPU
	EndGlobalSection
	GlobalSection(SolutionProperties) = preSolution
		HideSolutionNode = FALSE
	EndGlobalSection
	GlobalSection(NestedProjects) = preSolution
		{DCC32007-AF0A-4655-87F5-2A741ED727D6} = {5150A7F8-1422-4627-A1A1-5AF712BB694D}
		{1C42FB45-7EC0-4D94-8772-7E2DF36FFCC3} = {5150A7F8-1422-4627-A1A1-5AF712BB694D}
		{BC518FBD-320E-4EB4-A583-DBF86AC9BC4E} = {5150A7F8-1422-4627-A1A1-5AF712BB694D}
		{518E9FBB-8DE5-4507-BB20-5D5E8C9F81FA} = {5150A7F8-1422-4627-A1A1-5AF712BB694D}
		{0442EDD1-227B-46E5-9CDB-BB000DC45EC9} = {5150A7F8-1422-4627-A1A1-5AF712BB694D}
	EndGlobalSection
EndGlobal
